// !$*UTF8*$!
{
	archiveVersion = 1;
	classes = {
	};
	objectVersion = 56;
	objects = {

/* Begin PBXBuildFile section */
		B08C036A2CF9DBC400EC2E19 /* AppDelegate.swift in Sources */ = {isa = PBXBuildFile; fileRef = B08C03692CF9DBC400EC2E19 /* AppDelegate.swift */; };
		B08C036C2CF9DBC400EC2E19 /* SceneDelegate.swift in Sources */ = {isa = PBXBuildFile; fileRef = B08C036B2CF9DBC400EC2E19 /* SceneDelegate.swift */; };
		B08C03712CF9DBC400EC2E19 /* Base in Resources */ = {isa = PBXBuildFile; fileRef = B08C03702CF9DBC400EC2E19 /* Base */; };
		B08C03732CF9DBC600EC2E19 /* Assets.xcassets in Resources */ = {isa = PBXBuildFile; fileRef = B08C03722CF9DBC600EC2E19 /* Assets.xcassets */; };
		B08C03762CF9DBC600EC2E19 /* Base in Resources */ = {isa = PBXBuildFile; fileRef = B08C03752CF9DBC600EC2E19 /* Base */; };
		B08C03842CF9DC3900EC2E19 /* CalcVC.swift in Sources */ = {isa = PBXBuildFile; fileRef = B08C03832CF9DC3900EC2E19 /* CalcVC.swift */; };
		B08D8FD32CFAD79C00240E2D /* CalcViewModal.swift in Sources */ = {isa = PBXBuildFile; fileRef = B08D8FD22CFAD79C00240E2D /* CalcViewModal.swift */; };
		B08D8FD62CFADA5800240E2D /* UIViewController + Extension.swift in Sources */ = {isa = PBXBuildFile; fileRef = B08D8FD52CFADA5800240E2D /* UIViewController + Extension.swift */; };
		B09E54782D0023860077979B /* ViewCalc.swift in Sources */ = {isa = PBXBuildFile; fileRef = B09E54772D0023860077979B /* ViewCalc.swift */; };
		B09E547B2D0023CC0077979B /* ViewModalCalc.swift in Sources */ = {isa = PBXBuildFile; fileRef = B09E547A2D0023CC0077979B /* ViewModalCalc.swift */; };
/* End PBXBuildFile section */

/* Begin PBXFileReference section */
		B08C03662CF9DBC400EC2E19 /* Calc.app */ = {isa = PBXFileReference; explicitFileType = wrapper.application; includeInIndex = 0; path = Calc.app; sourceTree = BUILT_PRODUCTS_DIR; };
		B08C03692CF9DBC400EC2E19 /* AppDelegate.swift */ = {isa = PBXFileReference; lastKnownFileType = sourcecode.swift; path = AppDelegate.swift; sourceTree = "<group>"; };
		B08C036B2CF9DBC400EC2E19 /* SceneDelegate.swift */ = {isa = PBXFileReference; lastKnownFileType = sourcecode.swift; path = SceneDelegate.swift; sourceTree = "<group>"; };
		B08C03702CF9DBC400EC2E19 /* Base */ = {isa = PBXFileReference; lastKnownFileType = file.storyboard; name = Base; path = Base.lproj/Main.storyboard; sourceTree = "<group>"; };
		B08C03722CF9DBC600EC2E19 /* Assets.xcassets */ = {isa = PBXFileReference; lastKnownFileType = folder.assetcatalog; path = Assets.xcassets; sourceTree = "<group>"; };
		B08C03752CF9DBC600EC2E19 /* Base */ = {isa = PBXFileReference; lastKnownFileType = file.storyboard; name = Base; path = Base.lproj/LaunchScreen.storyboard; sourceTree = "<group>"; };
		B08C03772CF9DBC600EC2E19 /* Info.plist */ = {isa = PBXFileReference; lastKnownFileType = text.plist.xml; path = Info.plist; sourceTree = "<group>"; };
		B08C03832CF9DC3900EC2E19 /* CalcVC.swift */ = {isa = PBXFileReference; lastKnownFileType = sourcecode.swift; path = CalcVC.swift; sourceTree = "<group>"; };
		B08D8FD22CFAD79C00240E2D /* CalcViewModal.swift */ = {isa = PBXFileReference; lastKnownFileType = sourcecode.swift; path = CalcViewModal.swift; sourceTree = "<group>"; };
		B08D8FD52CFADA5800240E2D /* UIViewController + Extension.swift */ = {isa = PBXFileReference; lastKnownFileType = sourcecode.swift; path = "UIViewController + Extension.swift"; sourceTree = "<group>"; };
		B09E54772D0023860077979B /* ViewCalc.swift */ = {isa = PBXFileReference; lastKnownFileType = sourcecode.swift; path = ViewCalc.swift; sourceTree = "<group>"; };
		B09E547A2D0023CC0077979B /* ViewModalCalc.swift */ = {isa = PBXFileReference; lastKnownFileType = sourcecode.swift; path = ViewModalCalc.swift; sourceTree = "<group>"; };
/* End PBXFileReference section */

/* Begin PBXFrameworksBuildPhase section */
		B08C03632CF9DBC400EC2E19 /* Frameworks */ = {
			isa = PBXFrameworksBuildPhase;
			buildActionMask = 2147483647;
			files = (
			);
			runOnlyForDeploymentPostprocessing = 0;
		};
/* End PBXFrameworksBuildPhase section */

/* Begin PBXGroup section */
		B08C035D2CF9DBC400EC2E19 = {
			isa = PBXGroup;
			children = (
				B08C03682CF9DBC400EC2E19 /* Calc */,
				B08C03672CF9DBC400EC2E19 /* Products */,
			);
			sourceTree = "<group>";
		};
		B08C03672CF9DBC400EC2E19 /* Products */ = {
			isa = PBXGroup;
			children = (
				B08C03662CF9DBC400EC2E19 /* Calc.app */,
			);
			name = Products;
			sourceTree = "<group>";
		};
		B08C03682CF9DBC400EC2E19 /* Calc */ = {
			isa = PBXGroup;
			children = (
				B09E54762D0023790077979B /* MVVM */,
				B08D8FD42CFADA4300240E2D /* Extension */,
				B08C037D2CF9DBCB00EC2E19 /* AppDelegate */,
				B08C037F2CF9DBDD00EC2E19 /* Screens */,
				B08C037E2CF9DBD200EC2E19 /* Storyboard */,
				B08C03722CF9DBC600EC2E19 /* Assets.xcassets */,
				B08C03772CF9DBC600EC2E19 /* Info.plist */,
			);
			path = Calc;
			sourceTree = "<group>";
		};
		B08C037D2CF9DBCB00EC2E19 /* AppDelegate */ = {
			isa = PBXGroup;
			children = (
				B08C03692CF9DBC400EC2E19 /* AppDelegate.swift */,
				B08C036B2CF9DBC400EC2E19 /* SceneDelegate.swift */,
			);
			path = AppDelegate;
			sourceTree = "<group>";
		};
		B08C037E2CF9DBD200EC2E19 /* Storyboard */ = {
			isa = PBXGroup;
			children = (
				B08C036F2CF9DBC400EC2E19 /* Main.storyboard */,
				B08C03742CF9DBC600EC2E19 /* LaunchScreen.storyboard */,
			);
			path = Storyboard;
			sourceTree = "<group>";
		};
		B08C037F2CF9DBDD00EC2E19 /* Screens */ = {
			isa = PBXGroup;
			children = (
				B08C03822CF9DBFA00EC2E19 /* Model */,
				B08C03802CF9DBEF00EC2E19 /* View */,
				B08C03812CF9DBF400EC2E19 /* ViewModal */,
			);
			path = Screens;
			sourceTree = "<group>";
		};
		B08C03802CF9DBEF00EC2E19 /* View */ = {
			isa = PBXGroup;
			children = (
				B08C03832CF9DC3900EC2E19 /* CalcVC.swift */,
			);
			path = View;
			sourceTree = "<group>";
		};
		B08C03812CF9DBF400EC2E19 /* ViewModal */ = {
			isa = PBXGroup;
			children = (
				B08D8FD22CFAD79C00240E2D /* CalcViewModal.swift */,
			);
			path = ViewModal;
			sourceTree = "<group>";
		};
		B08C03822CF9DBFA00EC2E19 /* Model */ = {
			isa = PBXGroup;
			children = (
			);
			path = Model;
			sourceTree = "<group>";
		};
		B08D8FD42CFADA4300240E2D /* Extension */ = {
			isa = PBXGroup;
			children = (
				B08D8FD52CFADA5800240E2D /* UIViewController + Extension.swift */,
			);
			path = Extension;
			sourceTree = "<group>";
		};
		B09E54762D0023790077979B /* MVVM */ = {
			isa = PBXGroup;
			children = (
				B09E54772D0023860077979B /* ViewCalc.swift */,
				B09E547A2D0023CC0077979B /* ViewModalCalc.swift */,
			);
			path = MVVM;
			sourceTree = "<group>";
		};
/* End PBXGroup section */

/* Begin PBXNativeTarget section */
		B08C03652CF9DBC400EC2E19 /* Calc */ = {
			isa = PBXNativeTarget;
			buildConfigurationList = B08C037A2CF9DBC600EC2E19 /* Build configuration list for PBXNativeTarget "Calc" */;
			buildPhases = (
				B08C03622CF9DBC400EC2E19 /* Sources */,
				B08C03632CF9DBC400EC2E19 /* Frameworks */,
				B08C03642CF9DBC400EC2E19 /* Resources */,
			);
			buildRules = (
			);
			dependencies = (
			);
			name = Calc;
			productName = Calc;
			productReference = B08C03662CF9DBC400EC2E19 /* Calc.app */;
			productType = "com.apple.product-type.application";
		};
/* End PBXNativeTarget section */

/* Begin PBXProject section */
		B08C035E2CF9DBC400EC2E19 /* Project object */ = {
			isa = PBXProject;
			attributes = {
				BuildIndependentTargetsInParallel = 1;
				LastSwiftUpdateCheck = 1540;
				LastUpgradeCheck = 1540;
				TargetAttributes = {
					B08C03652CF9DBC400EC2E19 = {
						CreatedOnToolsVersion = 15.4;
					};
				};
			};
			buildConfigurationList = B08C03612CF9DBC400EC2E19 /* Build configuration list for PBXProject "Calc" */;
			compatibilityVersion = "Xcode 14.0";
			developmentRegion = en;
			hasScannedForEncodings = 0;
			knownRegions = (
				en,
				Base,
			);
			mainGroup = B08C035D2CF9DBC400EC2E19;
			productRefGroup = B08C03672CF9DBC400EC2E19 /* Products */;
			projectDirPath = "";
			projectRoot = "";
			targets = (
				B08C03652CF9DBC400EC2E19 /* Calc */,
			);
		};
/* End PBXProject section */

/* Begin PBXResourcesBuildPhase section */
		B08C03642CF9DBC400EC2E19 /* Resources */ = {
			isa = PBXResourcesBuildPhase;
			buildActionMask = 2147483647;
			files = (
				B08C03732CF9DBC600EC2E19 /* Assets.xcassets in Resources */,
				B08C03762CF9DBC600EC2E19 /* Base in Resources */,
				B08C03712CF9DBC400EC2E19 /* Base in Resources */,
			);
			runOnlyForDeploymentPostprocessing = 0;
		};
/* End PBXResourcesBuildPhase section */

/* Begin PBXSourcesBuildPhase section */
		B08C03622CF9DBC400EC2E19 /* Sources */ = {
			isa = PBXSourcesBuildPhase;
			buildActionMask = 2147483647;
			files = (
				B08C036A2CF9DBC400EC2E19 /* AppDelegate.swift in Sources */,
				B08D8FD62CFADA5800240E2D /* UIViewController + Extension.swift in Sources */,
				B09E547B2D0023CC0077979B /* ViewModalCalc.swift in Sources */,
				B08D8FD32CFAD79C00240E2D /* CalcViewModal.swift in Sources */,
				B08C036C2CF9DBC400EC2E19 /* SceneDelegate.swift in Sources */,
				B08C03842CF9DC3900EC2E19 /* CalcVC.swift in Sources */,
				B09E54782D0023860077979B /* ViewCalc.swift in Sources */,
			);
			runOnlyForDeploymentPostprocessing = 0;
		};
/* End PBXSourcesBuildPhase section */

/* Begin PBXVariantGroup section */
		B08C036F2CF9DBC400EC2E19 /* Main.storyboard */ = {
			isa = PBXVariantGroup;
			children = (
				B08C03702CF9DBC400EC2E19 /* Base */,
			);
			name = Main.storyboard;
			sourceTree = "<group>";
		};
		B08C03742CF9DBC600EC2E19 /* LaunchScreen.storyboard */ = {
			isa = PBXVariantGroup;
			children = (
				B08C03752CF9DBC600EC2E19 /* Base */,
			);
			name = LaunchScreen.storyboard;
			sourceTree = "<group>";
		};
/* End PBXVariantGroup section */

/* Begin XCBuildConfiguration section */
		B08C03782CF9DBC600EC2E19 /* Debug */ = {
			isa = XCBuildConfiguration;
			buildSettings = {
				ALWAYS_SEARCH_USER_PATHS = NO;
				ASSETCATALOG_COMPILER_GENERATE_SWIFT_ASSET_SYMBOL_EXTENSIONS = YES;
				CLANG_ANALYZER_NONNULL = YES;
				CLANG_ANALYZER_NUMBER_OBJECT_CONVERSION = YES_AGGRESSIVE;
				CLANG_CXX_LANGUAGE_STANDARD = "gnu++20";
				CLANG_ENABLE_MODULES = YES;
				CLANG_ENABLE_OBJC_ARC = YES;
				CLANG_ENABLE_OBJC_WEAK = YES;
				CLANG_WARN_BLOCK_CAPTURE_AUTORELEASING = YES;
				CLANG_WARN_BOOL_CONVERSION = YES;
				CLANG_WARN_COMMA = YES;
				CLANG_WARN_CONSTANT_CONVERSION = YES;
				CLANG_WARN_DEPRECATED_OBJC_IMPLEMENTATIONS = YES;
				CLANG_WARN_DIRECT_OBJC_ISA_USAGE = YES_ERROR;
				CLANG_WARN_DOCUMENTATION_COMMENTS = YES;
				CLANG_WARN_EMPTY_BODY = YES;
				CLANG_WARN_ENUM_CONVERSION = YES;
				CLANG_WARN_INFINITE_RECURSION = YES;
				CLANG_WARN_INT_CONVERSION = YES;
				CLANG_WARN_NON_LITERAL_NULL_CONVERSION = YES;
				CLANG_WARN_OBJC_IMPLICIT_RETAIN_SELF = YES;
				CLANG_WARN_OBJC_LITERAL_CONVERSION = YES;
				CLANG_WARN_OBJC_ROOT_CLASS = YES_ERROR;
				CLANG_WARN_QUOTED_INCLUDE_IN_FRAMEWORK_HEADER = YES;
				CLANG_WARN_RANGE_LOOP_ANALYSIS = YES;
				CLANG_WARN_STRICT_PROTOTYPES = YES;
				CLANG_WARN_SUSPICIOUS_MOVE = YES;
				CLANG_WARN_UNGUARDED_AVAILABILITY = YES_AGGRESSIVE;
				CLANG_WARN_UNREACHABLE_CODE = YES;
				CLANG_WARN__DUPLICATE_METHOD_MATCH = YES;
				COPY_PHASE_STRIP = NO;
				DEBUG_INFORMATION_FORMAT = dwarf;
				ENABLE_STRICT_OBJC_MSGSEND = YES;
				ENABLE_TESTABILITY = YES;
				ENABLE_USER_SCRIPT_SANDBOXING = YES;
				GCC_C_LANGUAGE_STANDARD = gnu17;
				GCC_DYNAMIC_NO_PIC = NO;
				GCC_NO_COMMON_BLOCKS = YES;
				GCC_OPTIMIZATION_LEVEL = 0;
				GCC_PREPROCESSOR_DEFINITIONS = (
					"DEBUG=1",
					"$(inherited)",
				);
				GCC_WARN_64_TO_32_BIT_CONVERSION = YES;
				GCC_WARN_ABOUT_RETURN_TYPE = YES_ERROR;
				GCC_WARN_UNDECLARED_SELECTOR = YES;
				GCC_WARN_UNINITIALIZED_AUTOS = YES_AGGRESSIVE;
				GCC_WARN_UNUSED_FUNCTION = YES;
				GCC_WARN_UNUSED_VARIABLE = YES;
				IPHONEOS_DEPLOYMENT_TARGET = 17.5;
				LOCALIZATION_PREFERS_STRING_CATALOGS = YES;
				MTL_ENABLE_DEBUG_INFO = INCLUDE_SOURCE;
				MTL_FAST_MATH = YES;
				ONLY_ACTIVE_ARCH = YES;
				SDKROOT = iphoneos;
				SWIFT_ACTIVE_COMPILATION_CONDITIONS = "DEBUG $(inherited)";
				SWIFT_OPTIMIZATION_LEVEL = "-Onone";
			};
			name = Debug;
		};
		B08C03792CF9DBC600EC2E19 /* Release */ = {
			isa = XCBuildConfiguration;
			buildSettings = {
				ALWAYS_SEARCH_USER_PATHS = NO;
				ASSETCATALOG_COMPILER_GENERATE_SWIFT_ASSET_SYMBOL_EXTENSIONS = YES;
				CLANG_ANALYZER_NONNULL = YES;
				CLANG_ANALYZER_NUMBER_OBJECT_CONVERSION = YES_AGGRESSIVE;
				CLANG_CXX_LANGUAGE_STANDARD = "gnu++20";
				CLANG_ENABLE_MODULES = YES;
				CLANG_ENABLE_OBJC_ARC = YES;
				CLANG_ENABLE_OBJC_WEAK = YES;
				CLANG_WARN_BLOCK_CAPTURE_AUTORELEASING = YES;
				CLANG_WARN_BOOL_CONVERSION = YES;
				CLANG_WARN_COMMA = YES;
				CLANG_WARN_CONSTANT_CONVERSION = YES;
				CLANG_WARN_DEPRECATED_OBJC_IMPLEMENTATIONS = YES;
				CLANG_WARN_DIRECT_OBJC_ISA_USAGE = YES_ERROR;
				CLANG_WARN_DOCUMENTATION_COMMENTS = YES;
				CLANG_WARN_EMPTY_BODY = YES;
				CLANG_WARN_ENUM_CONVERSION = YES;
				CLANG_WARN_INFINITE_RECURSION = YES;
				CLANG_WARN_INT_CONVERSION = YES;
				CLANG_WARN_NON_LITERAL_NULL_CONVERSION = YES;
				CLANG_WARN_OBJC_IMPLICIT_RETAIN_SELF = YES;
				CLANG_WARN_OBJC_LITERAL_CONVERSION = YES;
				CLANG_WARN_OBJC_ROOT_CLASS = YES_ERROR;
				CLANG_WARN_QUOTED_INCLUDE_IN_FRAMEWORK_HEADER = YES;
				CLANG_WARN_RANGE_LOOP_ANALYSIS = YES;
				CLANG_WARN_STRICT_PROTOTYPES = YES;
				CLANG_WARN_SUSPICIOUS_MOVE = YES;
				CLANG_WARN_UNGUARDED_AVAILABILITY = YES_AGGRESSIVE;
				CLANG_WARN_UNREACHABLE_CODE = YES;
				CLANG_WARN__DUPLICATE_METHOD_MATCH = YES;
				COPY_PHASE_STRIP = NO;
				DEBUG_INFORMATION_FORMAT = "dwarf-with-dsym";
				ENABLE_NS_ASSERTIONS = NO;
				ENABLE_STRICT_OBJC_MSGSEND = YES;
				ENABLE_USER_SCRIPT_SANDBOXING = YES;
				GCC_C_LANGUAGE_STANDARD = gnu17;
				GCC_NO_COMMON_BLOCKS = YES;
				GCC_WARN_64_TO_32_BIT_CONVERSION = YES;
				GCC_WARN_ABOUT_RETURN_TYPE = YES_ERROR;
				GCC_WARN_UNDECLARED_SELECTOR = YES;
				GCC_WARN_UNINITIALIZED_AUTOS = YES_AGGRESSIVE;
				GCC_WARN_UNUSED_FUNCTION = YES;
				GCC_WARN_UNUSED_VARIABLE = YES;
				IPHONEOS_DEPLOYMENT_TARGET = 17.5;
				LOCALIZATION_PREFERS_STRING_CATALOGS = YES;
				MTL_ENABLE_DEBUG_INFO = NO;
				MTL_FAST_MATH = YES;
				SDKROOT = iphoneos;
				SWIFT_COMPILATION_MODE = wholemodule;
				VALIDATE_PRODUCT = YES;
			};
			name = Release;
		};
		B08C037B2CF9DBC600EC2E19 /* Debug */ = {
			isa = XCBuildConfiguration;
			buildSettings = {
				ASSETCATALOG_COMPILER_APPICON_NAME = AppIcon;
				ASSETCATALOG_COMPILER_GLOBAL_ACCENT_COLOR_NAME = AccentColor;
				CODE_SIGN_STYLE = Automatic;
				CURRENT_PROJECT_VERSION = 1;
				GENERATE_INFOPLIST_FILE = YES;
				INFOPLIST_FILE = Calc/Info.plist;
				INFOPLIST_KEY_UIApplicationSupportsIndirectInputEvents = YES;
				INFOPLIST_KEY_UILaunchStoryboardName = LaunchScreen;
				INFOPLIST_KEY_UIMainStoryboardFile = Main;
				INFOPLIST_KEY_UISupportedInterfaceOrientations_iPad = "UIInterfaceOrientationPortrait UIInterfaceOrientationPortraitUpsideDown UIInterfaceOrientationLandscapeLeft UIInterfaceOrientationLandscapeRight";
				INFOPLIST_KEY_UISupportedInterfaceOrientations_iPhone = "UIInterfaceOrientationPortrait UIInterfaceOrientationLandscapeLeft UIInterfaceOrientationLandscapeRight";
				LD_RUNPATH_SEARCH_PATHS = (
					"$(inherited)",
					"@executable_path/Frameworks",
				);
				MARKETING_VERSION = 1.0;
				PRODUCT_BUNDLE_IDENTIFIER = com.xyz.Calc;
				PRODUCT_NAME = "$(TARGET_NAME)";
				SWIFT_EMIT_LOC_STRINGS = YES;
				SWIFT_VERSION = 5.0;
				TARGETED_DEVICE_FAMILY = "1,2";
			};
			name = Debug;
		};
		B08C037C2CF9DBC600EC2E19 /* Release */ = {
			isa = XCBuildConfiguration;
			buildSettings = {
				ASSETCATALOG_COMPILER_APPICON_NAME = AppIcon;
				ASSETCATALOG_COMPILER_GLOBAL_ACCENT_COLOR_NAME = AccentColor;
				CODE_SIGN_STYLE = Automatic;
				CURRENT_PROJECT_VERSION = 1;
				GENERATE_INFOPLIST_FILE = YES;
				INFOPLIST_FILE = Calc/Info.plist;
				INFOPLIST_KEY_UIApplicationSupportsIndirectInputEvents = YES;
				INFOPLIST_KEY_UILaunchStoryboardName = LaunchScreen;
				INFOPLIST_KEY_UIMainStoryboardFile = Main;
				INFOPLIST_KEY_UISupportedInterfaceOrientations_iPad = "UIInterfaceOrientationPortrait UIInterfaceOrientationPortraitUpsideDown UIInterfaceOrientationLandscapeLeft UIInterfaceOrientationLandscapeRight";
				INFOPLIST_KEY_UISupportedInterfaceOrientations_iPhone = "UIInterfaceOrientationPortrait UIInterfaceOrientationLandscapeLeft UIInterfaceOrientationLandscapeRight";
				LD_RUNPATH_SEARCH_PATHS = (
					"$(inherited)",
					"@executable_path/Frameworks",
				);
				MARKETING_VERSION = 1.0;
				PRODUCT_BUNDLE_IDENTIFIER = com.xyz.Calc;
				PRODUCT_NAME = "$(TARGET_NAME)";
				SWIFT_EMIT_LOC_STRINGS = YES;
				SWIFT_VERSION = 5.0;
				TARGETED_DEVICE_FAMILY = "1,2";
			};
			name = Release;
		};
/* End XCBuildConfiguration section */

/* Begin XCConfigurationList section */
		B08C03612CF9DBC400EC2E19 /* Build configuration list for PBXProject "Calc" */ = {
			isa = XCConfigurationList;
			buildConfigurations = (
				B08C03782CF9DBC600EC2E19 /* Debug */,
				B08C03792CF9DBC600EC2E19 /* Release */,
			);
			defaultConfigurationIsVisible = 0;
			defaultConfigurationName = Release;
		};
		B08C037A2CF9DBC600EC2E19 /* Build configuration list for PBXNativeTarget "Calc" */ = {
			isa = XCConfigurationList;
			buildConfigurations = (
				B08C037B2CF9DBC600EC2E19 /* Debug */,
				B08C037C2CF9DBC600EC2E19 /* Release */,
			);
			defaultConfigurationIsVisible = 0;
			defaultConfigurationName = Release;
		};
/* End XCConfigurationList section */
	};
	rootObject = B08C035E2CF9DBC400EC2E19 /* Project object */;
}
